
Microsoft Visual Studio Solution File, Format Version 12.00
# Visual Studio 14
VisualStudioVersion = 14.0.23107.0
MinimumVisualStudioVersion = 10.0.40219.1
Project("{FAE04EC0-301F-11D3-BF4B-00C04F79EFBC}") = "EmoBot", "EmoBot\EmoBot.csproj", "{82DA1033-6878-40C7-B1AA-2AA83A7F7AFB}"
EndProject
Project("{FAE04EC0-301F-11D3-BF4B-00C04F79EFBC}") = "EmotivBridge", "EmotivBridge\EmotivBridge.csproj", "{DA870A24-41E7-4B48-9348-6683FEFBA675}"
EndProject
Project("{FAE04EC0-301F-11D3-BF4B-00C04F79EFBC}") = "EmoCommon", "EmoCommon\EmoCommon.csproj", "{A6AAEBFF-1233-4DBF-9696-F18E0100D19C}"
EndProject
Project("{FAE04EC0-301F-11D3-BF4B-00C04F79EFBC}") = "EmoDataDTO", "EmoDataDTO\EmoDataDTO.csproj", "{661BDE6F-1C36-4081-8302-86634C3A86EC}"
EndProject
Project("{FAE04EC0-301F-11D3-BF4B-00C04F79EFBC}") = "EmotivController", "EmotivController\EmotivController.csproj", "{784DCF9D-9C3F-4EAF-8BFE-5DF600167A2C}"
EndProject
Global
	GlobalSection(SolutionConfigurationPlatforms) = preSolution
		Debug|Any CPU = Debug|Any CPU
		Debug|ARM = Debug|ARM
		Debug|x64 = Debug|x64
		Debug|x86 = Debug|x86
		Release|Any CPU = Release|Any CPU
		Release|ARM = Release|ARM
		Release|x64 = Release|x64
		Release|x86 = Release|x86
	EndGlobalSection
	GlobalSection(ProjectConfigurationPlatforms) = postSolution
		{82DA1033-6878-40C7-B1AA-2AA83A7F7AFB}.Debug|Any CPU.ActiveCfg = Debug|x86
		{82DA1033-6878-40C7-B1AA-2AA83A7F7AFB}.Debug|ARM.ActiveCfg = Debug|ARM
		{82DA1033-6878-40C7-B1AA-2AA83A7F7AFB}.Debug|ARM.Build.0 = Debug|ARM
		{82DA1033-6878-40C7-B1AA-2AA83A7F7AFB}.Debug|ARM.Deploy.0 = Debug|ARM
		{82DA1033-6878-40C7-B1AA-2AA83A7F7AFB}.Debug|x64.ActiveCfg = Debug|x64
		{82DA1033-6878-40C7-B1AA-2AA83A7F7AFB}.Debug|x64.Build.0 = Debug|x64
		{82DA1033-6878-40C7-B1AA-2AA83A7F7AFB}.Debug|x64.Deploy.0 = Debug|x64
		{82DA1033-6878-40C7-B1AA-2AA83A7F7AFB}.Debug|x86.ActiveCfg = Debug|x86
		{82DA1033-6878-40C7-B1AA-2AA83A7F7AFB}.Debug|x86.Build.0 = Debug|x86
		{82DA1033-6878-40C7-B1AA-2AA83A7F7AFB}.Debug|x86.Deploy.0 = Debug|x86
		{82DA1033-6878-40C7-B1AA-2AA83A7F7AFB}.Release|Any CPU.ActiveCfg = Release|x86
		{82DA1033-6878-40C7-B1AA-2AA83A7F7AFB}.Release|ARM.ActiveCfg = Release|ARM
		{82DA1033-6878-40C7-B1AA-2AA83A7F7AFB}.Release|ARM.Build.0 = Release|ARM
		{82DA1033-6878-40C7-B1AA-2AA83A7F7AFB}.Release|ARM.Deploy.0 = Release|ARM
		{82DA1033-6878-40C7-B1AA-2AA83A7F7AFB}.Release|x64.ActiveCfg = Release|x64
		{82DA1033-6878-40C7-B1AA-2AA83A7F7AFB}.Release|x64.Build.0 = Release|x64
		{82DA1033-6878-40C7-B1AA-2AA83A7F7AFB}.Release|x64.Deploy.0 = Release|x64
		{82DA1033-6878-40C7-B1AA-2AA83A7F7AFB}.Release|x86.ActiveCfg = Release|x86
		{82DA1033-6878-40C7-B1AA-2AA83A7F7AFB}.Release|x86.Build.0 = Release|x86
		{82DA1033-6878-40C7-B1AA-2AA83A7F7AFB}.Release|x86.Deploy.0 = Release|x86
		{DA870A24-41E7-4B48-9348-6683FEFBA675}.Debug|Any CPU.ActiveCfg = Debug|Any CPU
		{DA870A24-41E7-4B48-9348-6683FEFBA675}.Debug|Any CPU.Build.0 = Debug|Any CPU
		{DA870A24-41E7-4B48-9348-6683FEFBA675}.Debug|ARM.ActiveCfg = Debug|Any CPU
		{DA870A24-41E7-4B48-9348-6683FEFBA675}.Debug|ARM.Build.0 = Debug|Any CPU
		{DA870A24-41E7-4B48-9348-6683FEFBA675}.Debug|x64.ActiveCfg = Debug|Any CPU
		{DA870A24-41E7-4B48-9348-6683FEFBA675}.Debug|x64.Build.0 = Debug|Any CPU
		{DA870A24-41E7-4B48-9348-6683FEFBA675}.Debug|x86.ActiveCfg = Debug|Any CPU
		{DA870A24-41E7-4B48-9348-6683FEFBA675}.Debug|x86.Build.0 = Debug|Any CPU
		{DA870A24-41E7-4B48-9348-6683FEFBA675}.Release|Any CPU.ActiveCfg = Release|Any CPU
		{DA870A24-41E7-4B48-9348-6683FEFBA675}.Release|Any CPU.Build.0 = Release|Any CPU
		{DA870A24-41E7-4B48-9348-6683FEFBA675}.Release|ARM.ActiveCfg = Release|Any CPU
		{DA870A24-41E7-4B48-9348-6683FEFBA675}.Release|ARM.Build.0 = Release|Any CPU
		{DA870A24-41E7-4B48-9348-6683FEFBA675}.Release|x64.ActiveCfg = Release|Any CPU
		{DA870A24-41E7-4B48-9348-6683FEFBA675}.Release|x64.Build.0 = Release|Any CPU
		{DA870A24-41E7-4B48-9348-6683FEFBA675}.Release|x86.ActiveCfg = Release|Any CPU
		{DA870A24-41E7-4B48-9348-6683FEFBA675}.Release|x86.Build.0 = Release|Any CPU
		{A6AAEBFF-1233-4DBF-9696-F18E0100D19C}.Debug|Any CPU.ActiveCfg = Debug|Any CPU
		{A6AAEBFF-1233-4DBF-9696-F18E0100D19C}.Debug|Any CPU.Build.0 = Debug|Any CPU
		{A6AAEBFF-1233-4DBF-9696-F18E0100D19C}.Debug|ARM.ActiveCfg = Debug|Any CPU
		{A6AAEBFF-1233-4DBF-9696-F18E0100D19C}.Debug|ARM.Build.0 = Debug|Any CPU
		{A6AAEBFF-1233-4DBF-9696-F18E0100D19C}.Debug|x64.ActiveCfg = Debug|Any CPU
		{A6AAEBFF-1233-4DBF-9696-F18E0100D19C}.Debug|x64.Build.0 = Debug|Any CPU
		{A6AAEBFF-1233-4DBF-9696-F18E0100D19C}.Debug|x86.ActiveCfg = Debug|Any CPU
		{A6AAEBFF-1233-4DBF-9696-F18E0100D19C}.Debug|x86.Build.0 = Debug|Any CPU
		{A6AAEBFF-1233-4DBF-9696-F18E0100D19C}.Release|Any CPU.ActiveCfg = Release|Any CPU
		{A6AAEBFF-1233-4DBF-9696-F18E0100D19C}.Release|Any CPU.Build.0 = Release|Any CPU
		{A6AAEBFF-1233-4DBF-9696-F18E0100D19C}.Release|ARM.ActiveCfg = Release|Any CPU
		{A6AAEBFF-1233-4DBF-9696-F18E0100D19C}.Release|ARM.Build.0 = Release|Any CPU
		{A6AAEBFF-1233-4DBF-9696-F18E0100D19C}.Release|x64.ActiveCfg = Release|Any CPU
		{A6AAEBFF-1233-4DBF-9696-F18E0100D19C}.Release|x64.Build.0 = Release|Any CPU
		{A6AAEBFF-1233-4DBF-9696-F18E0100D19C}.Release|x86.ActiveCfg = Release|Any CPU
		{A6AAEBFF-1233-4DBF-9696-F18E0100D19C}.Release|x86.Build.0 = Release|Any CPU
		{661BDE6F-1C36-4081-8302-86634C3A86EC}.Debug|Any CPU.ActiveCfg = Debug|Any CPU
		{661BDE6F-1C36-4081-8302-86634C3A86EC}.Debug|Any CPU.Build.0 = Debug|Any CPU
		{661BDE6F-1C36-4081-8302-86634C3A86EC}.Debug|ARM.ActiveCfg = Debug|Any CPU
		{661BDE6F-1C36-4081-8302-86634C3A86EC}.Debug|ARM.Build.0 = Debug|Any CPU
		{661BDE6F-1C36-4081-8302-86634C3A86EC}.Debug|x64.ActiveCfg = Debug|Any CPU
		{661BDE6F-1C36-4081-8302-86634C3A86EC}.Debug|x64.Build.0 = Debug|Any CPU
		{661BDE6F-1C36-4081-8302-86634C3A86EC}.Debug|x86.ActiveCfg = Debug|Any CPU
		{661BDE6F-1C36-4081-8302-86634C3A86EC}.Debug|x86.Build.0 = Debug|Any CPU
		{661BDE6F-1C36-4081-8302-86634C3A86EC}.Release|Any CPU.ActiveCfg = Release|Any CPU
		{661BDE6F-1C36-4081-8302-86634C3A86EC}.Release|Any CPU.Build.0 = Release|Any CPU
		{661BDE6F-1C36-4081-8302-86634C3A86EC}.Release|ARM.ActiveCfg = Release|Any CPU
		{661BDE6F-1C36-4081-8302-86634C3A86EC}.Release|ARM.Build.0 = Release|Any CPU
		{661BDE6F-1C36-4081-8302-86634C3A86EC}.Release|x64.ActiveCfg = Release|Any CPU
		{661BDE6F-1C36-4081-8302-86634C3A86EC}.Release|x64.Build.0 = Release|Any CPU
		{661BDE6F-1C36-4081-8302-86634C3A86EC}.Release|x86.ActiveCfg = Release|Any CPU
		{661BDE6F-1C36-4081-8302-86634C3A86EC}.Release|x86.Build.0 = Release|Any CPU
		{784DCF9D-9C3F-4EAF-8BFE-5DF600167A2C}.Debug|Any CPU.ActiveCfg = Debug|Any CPU
		{784DCF9D-9C3F-4EAF-8BFE-5DF600167A2C}.Debug|Any CPU.Build.0 = Debug|Any CPU
		{784DCF9D-9C3F-4EAF-8BFE-5DF600167A2C}.Debug|ARM.ActiveCfg = Debug|Any CPU
		{784DCF9D-9C3F-4EAF-8BFE-5DF600167A2C}.Debug|ARM.Build.0 = Debug|Any CPU
		{784DCF9D-9C3F-4EAF-8BFE-5DF600167A2C}.Debug|x64.ActiveCfg = Debug|Any CPU
		{784DCF9D-9C3F-4EAF-8BFE-5DF600167A2C}.Debug|x64.Build.0 = Debug|Any CPU
		{784DCF9D-9C3F-4EAF-8BFE-5DF600167A2C}.Debug|x86.ActiveCfg = Debug|Any CPU
		{784DCF9D-9C3F-4EAF-8BFE-5DF600167A2C}.Debug|x86.Build.0 = Debug|Any CPU
		{784DCF9D-9C3F-4EAF-8BFE-5DF600167A2C}.Release|Any CPU.ActiveCfg = Release|Any CPU
		{784DCF9D-9C3F-4EAF-8BFE-5DF600167A2C}.Release|Any CPU.Build.0 = Release|Any CPU
		{784DCF9D-9C3F-4EAF-8BFE-5DF600167A2C}.Release|ARM.ActiveCfg = Release|Any CPU
		{784DCF9D-9C3F-4EAF-8BFE-5DF600167A2C}.Release|ARM.Build.0 = Release|Any CPU
		{784DCF9D-9C3F-4EAF-8BFE-5DF600167A2C}.Release|x64.ActiveCfg = Release|Any CPU
		{784DCF9D-9C3F-4EAF-8BFE-5DF600167A2C}.Release|x64.Build.0 = Release|Any CPU
		{784DCF9D-9C3F-4EAF-8BFE-5DF600167A2C}.Release|x86.ActiveCfg = Release|Any CPU
		{784DCF9D-9C3F-4EAF-8BFE-5DF600167A2C}.Release|x86.Build.0 = Release|Any CPU
	EndGlobalSection
	GlobalSection(SolutionProperties) = preSolution
		HideSolutionNode = FALSE
	EndGlobalSection
EndGlobal
